// !$*UTF8*$!
{
	archiveVersion = 1;
	classes = {
	};
	objectVersion = 50;
	objects = {

/* Begin PBXBuildFile section */
		B5B0343A22C0F21200D02E74 /* AppDelegate.swift in Sources */ = {isa = PBXBuildFile; fileRef = B5B0343922C0F21200D02E74 /* AppDelegate.swift */; };
		B5B0343C22C0F21200D02E74 /* ViewController.swift in Sources */ = {isa = PBXBuildFile; fileRef = B5B0343B22C0F21200D02E74 /* ViewController.swift */; };
		B5B0343F22C0F21200D02E74 /* Main.storyboard in Resources */ = {isa = PBXBuildFile; fileRef = B5B0343D22C0F21200D02E74 /* Main.storyboard */; };
		B5B0344122C0F21300D02E74 /* Assets.xcassets in Resources */ = {isa = PBXBuildFile; fileRef = B5B0344022C0F21300D02E74 /* Assets.xcassets */; };
		B5B0344422C0F21300D02E74 /* LaunchScreen.storyboard in Resources */ = {isa = PBXBuildFile; fileRef = B5B0344222C0F21300D02E74 /* LaunchScreen.storyboard */; };
		B5B0344C22C0F3CF00D02E74 /* TableViewController.swift in Sources */ = {isa = PBXBuildFile; fileRef = B5B0344B22C0F3CF00D02E74 /* TableViewController.swift */; };
		B5B0344E22C0F3DF00D02E74 /* TableViewCell.swift in Sources */ = {isa = PBXBuildFile; fileRef = B5B0344D22C0F3DF00D02E74 /* TableViewCell.swift */; };
		B79BF09A22C1C57D006A04F3 /* Job.swift in Sources */ = {isa = PBXBuildFile; fileRef = B79BF09922C1C57D006A04F3 /* Job.swift */; };
		B79BF09C22C1C792006A04F3 /* Extension.swift in Sources */ = {isa = PBXBuildFile; fileRef = B79BF09B22C1C792006A04F3 /* Extension.swift */; };
/* End PBXBuildFile section */

/* Begin PBXFileReference section */
		B5B0343622C0F21200D02E74 /* Jobs.app */ = {isa = PBXFileReference; explicitFileType = wrapper.application; includeInIndex = 0; path = Jobs.app; sourceTree = BUILT_PRODUCTS_DIR; };
		B5B0343922C0F21200D02E74 /* AppDelegate.swift */ = {isa = PBXFileReference; lastKnownFileType = sourcecode.swift; path = AppDelegate.swift; sourceTree = "<group>"; };
		B5B0343B22C0F21200D02E74 /* ViewController.swift */ = {isa = PBXFileReference; lastKnownFileType = sourcecode.swift; path = ViewController.swift; sourceTree = "<group>"; };
		B5B0343E22C0F21200D02E74 /* Base */ = {isa = PBXFileReference; lastKnownFileType = file.storyboard; name = Base; path = Base.lproj/Main.storyboard; sourceTree = "<group>"; };
		B5B0344022C0F21300D02E74 /* Assets.xcassets */ = {isa = PBXFileReference; lastKnownFileType = folder.assetcatalog; path = Assets.xcassets; sourceTree = "<group>"; };
		B5B0344322C0F21300D02E74 /* Base */ = {isa = PBXFileReference; lastKnownFileType = file.storyboard; name = Base; path = Base.lproj/LaunchScreen.storyboard; sourceTree = "<group>"; };
		B5B0344522C0F21300D02E74 /* Info.plist */ = {isa = PBXFileReference; lastKnownFileType = text.plist.xml; path = Info.plist; sourceTree = "<group>"; };
		B5B0344B22C0F3CF00D02E74 /* TableViewController.swift */ = {isa = PBXFileReference; lastKnownFileType = sourcecode.swift; path = TableViewController.swift; sourceTree = "<group>"; };
		B5B0344D22C0F3DF00D02E74 /* TableViewCell.swift */ = {isa = PBXFileReference; lastKnownFileType = sourcecode.swift; path = TableViewCell.swift; sourceTree = "<group>"; };
		B79BF09922C1C57D006A04F3 /* Job.swift */ = {isa = PBXFileReference; lastKnownFileType = sourcecode.swift; path = Job.swift; sourceTree = "<group>"; };
		B79BF09B22C1C792006A04F3 /* Extension.swift */ = {isa = PBXFileReference; lastKnownFileType = sourcecode.swift; path = Extension.swift; sourceTree = "<group>"; };
/* End PBXFileReference section */

/* Begin PBXFrameworksBuildPhase section */
		B5B0343322C0F21200D02E74 /* Frameworks */ = {
			isa = PBXFrameworksBuildPhase;
			buildActionMask = 2147483647;
			files = (
			);
			runOnlyForDeploymentPostprocessing = 0;
		};
/* End PBXFrameworksBuildPhase section */

/* Begin PBXGroup section */
		B5B0342D22C0F21200D02E74 = {
			isa = PBXGroup;
			children = (
				B5B0343822C0F21200D02E74 /* Jobs */,
				B5B0343722C0F21200D02E74 /* Products */,
			);
			sourceTree = "<group>";
		};
		B5B0343722C0F21200D02E74 /* Products */ = {
			isa = PBXGroup;
			children = (
				B5B0343622C0F21200D02E74 /* Jobs.app */,
			);
			name = Products;
			sourceTree = "<group>";
		};
		B5B0343822C0F21200D02E74 /* Jobs */ = {
			isa = PBXGroup;
			children = (
				B5B0343922C0F21200D02E74 /* AppDelegate.swift */,
				B5B0343B22C0F21200D02E74 /* ViewController.swift */,
				B5B0343D22C0F21200D02E74 /* Main.storyboard */,
				B5B0344022C0F21300D02E74 /* Assets.xcassets */,
				B5B0344222C0F21300D02E74 /* LaunchScreen.storyboard */,
				B5B0344522C0F21300D02E74 /* Info.plist */,
				B5B0344B22C0F3CF00D02E74 /* TableViewController.swift */,
				B5B0344D22C0F3DF00D02E74 /* TableViewCell.swift */,
				B79BF09922C1C57D006A04F3 /* Job.swift */,
				B79BF09B22C1C792006A04F3 /* Extension.swift */,
			);
			path = Jobs;
			sourceTree = "<group>";
		};
/* End PBXGroup section */

/* Begin PBXNativeTarget section */
		B5B0343522C0F21200D02E74 /* Jobs */ = {
			isa = PBXNativeTarget;
			buildConfigurationList = B5B0344822C0F21300D02E74 /* Build configuration list for PBXNativeTarget "Jobs" */;
			buildPhases = (
				B5B0343222C0F21200D02E74 /* Sources */,
				B5B0343322C0F21200D02E74 /* Frameworks */,
				B5B0343422C0F21200D02E74 /* Resources */,
			);
			buildRules = (
			);
			dependencies = (
			);
			name = Jobs;
			productName = Jobs;
			productReference = B5B0343622C0F21200D02E74 /* Jobs.app */;
			productType = "com.apple.product-type.application";
		};
/* End PBXNativeTarget section */

/* Begin PBXProject section */
		B5B0342E22C0F21200D02E74 /* Project object */ = {
			isa = PBXProject;
			attributes = {
				LastSwiftUpdateCheck = 1020;
				LastUpgradeCheck = 1020;
				ORGANIZATIONNAME = Cibertec;
				TargetAttributes = {
					B5B0343522C0F21200D02E74 = {
						CreatedOnToolsVersion = 10.2.1;
					};
				};
			};
			buildConfigurationList = B5B0343122C0F21200D02E74 /* Build configuration list for PBXProject "Jobs" */;
			compatibilityVersion = "Xcode 9.3";
			developmentRegion = en;
			hasScannedForEncodings = 0;
			knownRegions = (
				en,
				Base,
			);
			mainGroup = B5B0342D22C0F21200D02E74;
			productRefGroup = B5B0343722C0F21200D02E74 /* Products */;
			projectDirPath = "";
			projectRoot = "";
			targets = (
				B5B0343522C0F21200D02E74 /* Jobs */,
			);
		};
/* End PBXProject section */

/* Begin PBXResourcesBuildPhase section */
		B5B0343422C0F21200D02E74 /* Resources */ = {
			isa = PBXResourcesBuildPhase;
			buildActionMask = 2147483647;
			files = (
				B5B0344422C0F21300D02E74 /* LaunchScreen.storyboard in Resources */,
				B5B0344122C0F21300D02E74 /* Assets.xcassets in Resources */,
				B5B0343F22C0F21200D02E74 /* Main.storyboard in Resources */,
			);
			runOnlyForDeploymentPostprocessing = 0;
		};
/* End PBXResourcesBuildPhase section */

/* Begin PBXSourcesBuildPhase section */
		B5B0343222C0F21200D02E74 /* Sources */ = {
			isa = PBXSourcesBuildPhase;
			buildActionMask = 2147483647;
			files = (
				B5B0343C22C0F21200D02E74 /* ViewController.swift in Sources */,
				B5B0344E22C0F3DF00D02E74 /* TableViewCell.swift in Sources */,
				B5B0344C22C0F3CF00D02E74 /* TableViewController.swift in Sources */,
				B79BF09C22C1C792006A04F3 /* Extension.swift in Sources */,
				B5B0343A22C0F21200D02E74 /* AppDelegate.swift in Sources */,
				B79BF09A22C1C57D006A04F3 /* Job.swift in Sources */,
			);
			runOnlyForDeploymentPostprocessing = 0;
		};
/* End PBXSourcesBuildPhase section */

/* Begin PBXVariantGroup section */
		B5B0343D22C0F21200D02E74 /* Main.storyboard */ = {
			isa = PBXVariantGroup;
			children = (
				B5B0343E22C0F21200D02E74 /* Base */,
			);
			name = Main.storyboard;
			sourceTree = "<group>";
		};
		B5B0344222C0F21300D02E74 /* LaunchScreen.storyboard */ = {
			isa = PBXVariantGroup;
			children = (
				B5B0344322C0F21300D02E74 /* Base */,
			);
			name = LaunchScreen.storyboard;
			sourceTree = "<group>";
		};
/* End PBXVariantGroup section */

/* Begin XCBuildConfiguration section */
		B5B0344622C0F21300D02E74 /* Debug */ = {
			isa = XCBuildConfiguration;
			buildSettings = {
				ALWAYS_SEARCH_USER_PATHS = NO;
				CLANG_ANALYZER_NONNULL = YES;
				CLANG_ANALYZER_NUMBER_OBJECT_CONVERSION = YES_AGGRESSIVE;
				CLANG_CXX_LANGUAGE_STANDARD = "gnu++14";
				CLANG_CXX_LIBRARY = "libc++";
				CLANG_ENABLE_MODULES = YES;
				CLANG_ENABLE_OBJC_ARC = YES;
				CLANG_ENABLE_OBJC_WEAK = YES;
				CLANG_WARN_BLOCK_CAPTURE_AUTORELEASING = YES;
				CLANG_WARN_BOOL_CONVERSION = YES;
				CLANG_WARN_COMMA = YES;
				CLANG_WARN_CONSTANT_CONVERSION = YES;
				CLANG_WARN_DEPRECATED_OBJC_IMPLEMENTATIONS = YES;
				CLANG_WARN_DIRECT_OBJC_ISA_USAGE = YES_ERROR;
				CLANG_WARN_DOCUMENTATION_COMMENTS = YES;
				CLANG_WARN_EMPTY_BODY = YES;
				CLANG_WARN_ENUM_CONVERSION = YES;
				CLANG_WARN_INFINITE_RECURSION = YES;
				CLANG_WARN_INT_CONVERSION = YES;
				CLANG_WARN_NON_LITERAL_NULL_CONVERSION = YES;
				CLANG_WARN_OBJC_IMPLICIT_RETAIN_SELF = YES;
				CLANG_WARN_OBJC_LITERAL_CONVERSION = YES;
				CLANG_WARN_OBJC_ROOT_CLASS = YES_ERROR;
				CLANG_WARN_RANGE_LOOP_ANALYSIS = YES;
				CLANG_WARN_STRICT_PROTOTYPES = YES;
				CLANG_WARN_SUSPICIOUS_MOVE = YES;
				CLANG_WARN_UNGUARDED_AVAILABILITY = YES_AGGRESSIVE;
				CLANG_WARN_UNREACHABLE_CODE = YES;
				CLANG_WARN__DUPLICATE_METHOD_MATCH = YES;
				CODE_SIGN_IDENTITY = "iPhone Developer";
				COPY_PHASE_STRIP = NO;
				DEBUG_INFORMATION_FORMAT = dwarf;
				ENABLE_STRICT_OBJC_MSGSEND = YES;
				ENABLE_TESTABILITY = YES;
				GCC_C_LANGUAGE_STANDARD = gnu11;
				GCC_DYNAMIC_NO_PIC = NO;
				GCC_NO_COMMON_BLOCKS = YES;
				GCC_OPTIMIZATION_LEVEL = 0;
				GCC_PREPROCESSOR_DEFINITIONS = (
					"DEBUG=1",
					"$(inherited)",
				);
				GCC_WARN_64_TO_32_BIT_CONVERSION = YES;
				GCC_WARN_ABOUT_RETURN_TYPE = YES_ERROR;
				GCC_WARN_UNDECLARED_SELECTOR = YES;
				GCC_WARN_UNINITIALIZED_AUTOS = YES_AGGRESSIVE;
				GCC_WARN_UNUSED_FUNCTION = YES;
				GCC_WARN_UNUSED_VARIABLE = YES;
				IPHONEOS_DEPLOYMENT_TARGET = 12.2;
				MTL_ENABLE_DEBUG_INFO = INCLUDE_SOURCE;
				MTL_FAST_MATH = YES;
				ONLY_ACTIVE_ARCH = YES;
				SDKROOT = iphoneos;
				SWIFT_ACTIVE_COMPILATION_CONDITIONS = DEBUG;
				SWIFT_OPTIMIZATION_LEVEL = "-Onone";
			};
			name = Debug;
		};
		B5B0344722C0F21300D02E74 /* Release */ = {
			isa = XCBuildConfiguration;
			buildSettings = {
				ALWAYS_SEARCH_USER_PATHS = NO;
				CLANG_ANALYZER_NONNULL = YES;
				CLANG_ANALYZER_NUMBER_OBJECT_CONVERSION = YES_AGGRESSIVE;
				CLANG_CXX_LANGUAGE_STANDARD = "gnu++14";
				CLANG_CXX_LIBRARY = "libc++";
				CLANG_ENABLE_MODULES = YES;
				CLANG_ENABLE_OBJC_ARC = YES;
				CLANG_ENABLE_OBJC_WEAK = YES;
				CLANG_WARN_BLOCK_CAPTURE_AUTORELEASING = YES;
				CLANG_WARN_BOOL_CONVERSION = YES;
				CLANG_WARN_COMMA = YES;
				CLANG_WARN_CONSTANT_CONVERSION = YES;
				CLANG_WARN_DEPRECATED_OBJC_IMPLEMENTATIONS = YES;
				CLANG_WARN_DIRECT_OBJC_ISA_USAGE = YES_ERROR;
				CLANG_WARN_DOCUMENTATION_COMMENTS = YES;
				CLANG_WARN_EMPTY_BODY = YES;
				CLANG_WARN_ENUM_CONVERSION = YES;
				CLANG_WARN_INFINITE_RECURSION = YES;
				CLANG_WARN_INT_CONVERSION = YES;
				CLANG_WARN_NON_LITERAL_NULL_CONVERSION = YES;
				CLANG_WARN_OBJC_IMPLICIT_RETAIN_SELF = YES;
				CLANG_WARN_OBJC_LITERAL_CONVERSION = YES;
				CLANG_WARN_OBJC_ROOT_CLASS = YES_ERROR;
				CLANG_WARN_RANGE_LOOP_ANALYSIS = YES;
				CLANG_WARN_STRICT_PROTOTYPES = YES;
				CLANG_WARN_SUSPICIOUS_MOVE = YES;
				CLANG_WARN_UNGUARDED_AVAILABILITY = YES_AGGRESSIVE;
				CLANG_WARN_UNREACHABLE_CODE = YES;
				CLANG_WARN__DUPLICATE_METHOD_MATCH = YES;
				CODE_SIGN_IDENTITY = "iPhone Developer";
				COPY_PHASE_STRIP = NO;
				DEBUG_INFORMATION_FORMAT = "dwarf-with-dsym";
				ENABLE_NS_ASSERTIONS = NO;
				ENABLE_STRICT_OBJC_MSGSEND = YES;
				GCC_C_LANGUAGE_STANDARD = gnu11;
				GCC_NO_COMMON_BLOCKS = YES;
				GCC_WARN_64_TO_32_BIT_CONVERSION = YES;
				GCC_WARN_ABOUT_RETURN_TYPE = YES_ERROR;
				GCC_WARN_UNDECLARED_SELECTOR = YES;
				GCC_WARN_UNINITIALIZED_AUTOS = YES_AGGRESSIVE;
				GCC_WARN_UNUSED_FUNCTION = YES;
				GCC_WARN_UNUSED_VARIABLE = YES;
				IPHONEOS_DEPLOYMENT_TARGET = 12.2;
				MTL_ENABLE_DEBUG_INFO = NO;
				MTL_FAST_MATH = YES;
				SDKROOT = iphoneos;
				SWIFT_COMPILATION_MODE = wholemodule;
				SWIFT_OPTIMIZATION_LEVEL = "-O";
				VALIDATE_PRODUCT = YES;
			};
			name = Release;
		};
		B5B0344922C0F21300D02E74 /* Debug */ = {
			isa = XCBuildConfiguration;
			buildSettings = {
				ASSETCATALOG_COMPILER_APPICON_NAME = AppIcon;
				CODE_SIGN_STYLE = Automatic;
				INFOPLIST_FILE = Jobs/Info.plist;
				IPHONEOS_DEPLOYMENT_TARGET = 11.4;
				LD_RUNPATH_SEARCH_PATHS = (
					"$(inherited)",
					"@executable_path/Frameworks",
				);
				PRODUCT_BUNDLE_IDENTIFIER = pe.edu.cibertec.Jobs;
				PRODUCT_NAME = "$(TARGET_NAME)";
				SWIFT_VERSION = 4.0;
				TARGETED_DEVICE_FAMILY = "1,2";
			};
			name = Debug;
		};
		B5B0344A22C0F21300D02E74 /* Release */ = {
			isa = XCBuildConfiguration;
			buildSettings = {
				ASSETCATALOG_COMPILER_APPICON_NAME = AppIcon;
				CODE_SIGN_STYLE = Automatic;
				INFOPLIST_FILE = Jobs/Info.plist;
				IPHONEOS_DEPLOYMENT_TARGET = 11.4;
				LD_RUNPATH_SEARCH_PATHS = (
					"$(inherited)",
					"@executable_path/Frameworks",
				);
				PRODUCT_BUNDLE_IDENTIFIER = pe.edu.cibertec.Jobs;
				PRODUCT_NAME = "$(TARGET_NAME)";
				SWIFT_VERSION = 4.0;
				TARGETED_DEVICE_FAMILY = "1,2";
			};
			name = Release;
		};
/* End XCBuildConfiguration section */

/* Begin XCConfigurationList section */
		B5B0343122C0F21200D02E74 /* Build configuration list for PBXProject "Jobs" */ = {
			isa = XCConfigurationList;
			buildConfigurations = (
				B5B0344622C0F21300D02E74 /* Debug */,
				B5B0344722C0F21300D02E74 /* Release */,
			);
			defaultConfigurationIsVisible = 0;
			defaultConfigurationName = Release;
		};
		B5B0344822C0F21300D02E74 /* Build configuration list for PBXNativeTarget "Jobs" */ = {
			isa = XCConfigurationList;
			buildConfigurations = (
				B5B0344922C0F21300D02E74 /* Debug */,
				B5B0344A22C0F21300D02E74 /* Release */,
			);
			defaultConfigurationIsVisible = 0;
			defaultConfigurationName = Release;
		};
/* End XCConfigurationList section */
	};
	rootObject = B5B0342E22C0F21200D02E74 /* Project object */;
}
